{
  "object": {
    "pins": [
      {
        "package": "swift-nio",
        "repositoryURL": "https://github.com/apple/swift-nio",
        "state": {
          "branch": null,
          "revision": "a8fbcf080b7ff775e56224124cfc866af2bbdb74",
          "version": "2.0.0-convergence.4"
        }
      },
      {
        "package": "SwiftProtobuf",
        "repositoryURL": "https://github.com/apple/swift-protobuf",
        "state": {
          "branch": null,
          "revision": "6520fb185db88c0774a929acea1f7d5981a30d3a",
          "version": "1.4.0"
        }
      }
    ]
  },
  "version": 1
}
